
Microsoft Visual Studio Solution File, Format Version 12.00
# Visual Studio Version 16
VisualStudioVersion = 16.0.31624.102
MinimumVisualStudioVersion = 10.0.40219.1
Project("{FAE04EC0-301F-11D3-BF4B-00C04F79EFBC}") = "GOCC.Android", "GOCC.Android\GOCC.Android.csproj", "{EF34315C-D2AD-43E5-AF22-7E7608BD712D}"
EndProject
Project("{FAE04EC0-301F-11D3-BF4B-00C04F79EFBC}") = "GOCC", "GOCC\GOCC.csproj", "{178DC36E-2E8C-4BD1-96F2-86BB487FFFD3}"
EndProject
Global
	GlobalSection(SolutionConfigurationPlatforms) = preSolution
		Debug|Any CPU = Debug|Any CPU
		Release|Any CPU = Release|Any CPU
	EndGlobalSection
	GlobalSection(ProjectConfigurationPlatforms) = postSolution
		{EF34315C-D2AD-43E5-AF22-7E7608BD712D}.Debug|Any CPU.ActiveCfg = Debug|Any CPU
		{EF34315C-D2AD-43E5-AF22-7E7608BD712D}.Debug|Any CPU.Build.0 = Debug|Any CPU
		{EF34315C-D2AD-43E5-AF22-7E7608BD712D}.Debug|Any CPU.Deploy.0 = Debug|Any CPU
		{EF34315C-D2AD-43E5-AF22-7E7608BD712D}.Release|Any CPU.ActiveCfg = Release|Any CPU
		{EF34315C-D2AD-43E5-AF22-7E7608BD712D}.Release|Any CPU.Build.0 = Release|Any CPU
		{EF34315C-D2AD-43E5-AF22-7E7608BD712D}.Release|Any CPU.Deploy.0 = Release|Any CPU
		{178DC36E-2E8C-4BD1-96F2-86BB487FFFD3}.Debug|Any CPU.ActiveCfg = Debug|Any CPU
		{178DC36E-2E8C-4BD1-96F2-86BB487FFFD3}.Debug|Any CPU.Build.0 = Debug|Any CPU
		{178DC36E-2E8C-4BD1-96F2-86BB487FFFD3}.Debug|Any CPU.Deploy.0 = Debug|Any CPU
		{178DC36E-2E8C-4BD1-96F2-86BB487FFFD3}.Release|Any CPU.ActiveCfg = Release|Any CPU
		{178DC36E-2E8C-4BD1-96F2-86BB487FFFD3}.Release|Any CPU.Build.0 = Release|Any CPU
		{178DC36E-2E8C-4BD1-96F2-86BB487FFFD3}.Release|Any CPU.Deploy.0 = Release|Any CPU
	EndGlobalSection
	GlobalSection(SolutionProperties) = preSolution
		HideSolutionNode = FALSE
	EndGlobalSection
	GlobalSection(ExtensibilityGlobals) = postSolution
		SolutionGuid = {F16C7071-8308-46B5-B1DB-5053D0DF2C24}
	EndGlobalSection
EndGlobal
